<?xml version="1.0" encoding="UTF-8"?>
<!DOCTYPE plist PUBLIC "-//Apple//DTD PLIST 1.0//EN" "http://www.apple.com/DTDs/PropertyList-1.0.dtd">
<plist version="1.0"><dict><key>objects</key><dict><key>835B56ADF940A9E1CB32B3E0</key><dict><key>isa</key><string>PBXProject</string><key>attributes</key><dict><key>LastUpgradeCheck</key><string>0510</string></dict><key>compatibilityVersion</key><string>Xcode 3.2</string><key>developmentRegion</key><string>English</string><key>hasScannedForEncodings</key><string>0</string><key>knownRegions</key><array><string>en</string></array><key>projectDirPath</key><string></string><key>projectRoot</key><string></string><key>buildConfigurationList</key><string>01FD1CC62A444E6C0F2296B9</string><key>mainGroup</key><string>68758888BA81DEFCC69F3AE8</string><key>productRefGroup</key><string>4EA77F5288551D588A8CB30A</string><key>targets</key><array><string>CC5A23AE8573242C84A1831F</string></array><key>projectReferences</key><array/></dict><key>68758888BA81DEFCC69F3AE8</key><dict><key>isa</key><string>PBXGroup</string><key>sourceTree</key><string>&lt;group&gt;</string><key>children</key><array><string>4EA77F5288551D588A8CB30A</string><string>431F9E78CD5B5631AD0E63C0</string><string>9556221DB6B5BD29440486A9</string><string>CB84980A3641B8166E194B42</string><string>A0E90A281736BED6DE1992FD</string></array></dict><key>4EA77F5288551D588A8CB30A</key><dict><key>isa</key><string>PBXGroup</string><key>sourceTree</key><string>&lt;group&gt;</string><key>name</key><string>Products</string><key>children</key><array><string>52510BEB72586C061BE94DE8</string></array></dict><key>01FD1CC62A444E6C0F2296B9</key><dict><key>isa</key><string>XCConfigurationList</string><key>defaultConfigurationIsVisible</key><string>0</string><key>defaultConfigurationName</key><string>Release</string><key>buildConfigurations</key><array><string>E7C6113CCAA06DEE71D9ED1C</string><string>9F882406EA22B65A7325D916</string></array></dict><key>E7C6113CCAA06DEE71D9ED1C</key><dict><key>isa</key><string>XCBuildConfiguration</string><key>name</key><string>Debug</string><key>buildSettings</key><dict><key>ALWAYS_SEARCH_USER_PATHS</key><string>NO</string><key>CLANG_CXX_LANGUAGE_STANDARD</key><string>gnu++0x</string><key>CLANG_CXX_LIBRARY</key><string>libc++</string><key>CLANG_ENABLE_OBJC_ARC</key><string>YES</string><key>CLANG_WARN_BOOL_CONVERSION</key><string>YES</string><key>CLANG_WARN_CONSTANT_CONVERSION</key><string>YES</string><key>CLANG_WARN_DIRECT_OBJC_ISA_USAGE</key><string>YES</string><key>CLANG_WARN_EMPTY_BODY</key><string>YES</string><key>CLANG_WARN_ENUM_CONVERSION</key><string>YES</string><key>CLANG_WARN_INT_CONVERSION</key><string>YES</string><key>CLANG_WARN_OBJC_ROOT_CLASS</key><string>YES</string><key>CLANG_ENABLE_MODULES</key><string>YES</string><key>GCC_C_LANGUAGE_STANDARD</key><string>gnu99</string><key>GCC_WARN_64_TO_32_BIT_CONVERSION</key><string>YES</string><key>GCC_WARN_ABOUT_RETURN_TYPE</key><string>YES</string><key>GCC_WARN_UNDECLARED_SELECTOR</key><string>YES</string><key>GCC_WARN_UNINITIALIZED_AUTOS</key><string>YES</string><key>GCC_WARN_UNUSED_FUNCTION</key><string>YES</string><key>GCC_WARN_UNUSED_VARIABLE</key><string>YES</string><key>ONLY_ACTIVE_ARCH</key><string>YES</string><key>COPY_PHASE_STRIP</key><string>YES</string><key>GCC_DYNAMIC_NO_PIC</key><string>NO</string><key>GCC_OPTIMIZATION_LEVEL</key><string>0</string><key>GCC_PREPROCESSOR_DEFINITIONS</key><array><string>DEBUG=1</string><string>$(inherited)</string></array><key>GCC_SYMBOLS_PRIVATE_EXTERN</key><string>NO</string></dict></dict><key>9F882406EA22B65A7325D916</key><dict><key>isa</key><string>XCBuildConfiguration</string><key>name</key><string>Release</string><key>buildSettings</key><dict><key>ALWAYS_SEARCH_USER_PATHS</key><string>NO</string><key>CLANG_CXX_LANGUAGE_STANDARD</key><string>gnu++0x</string><key>CLANG_CXX_LIBRARY</key><string>libc++</string><key>CLANG_ENABLE_OBJC_ARC</key><string>YES</string><key>CLANG_WARN_BOOL_CONVERSION</key><string>YES</string><key>CLANG_WARN_CONSTANT_CONVERSION</key><string>YES</string><key>CLANG_WARN_DIRECT_OBJC_ISA_USAGE</key><string>YES</string><key>CLANG_WARN_EMPTY_BODY</key><string>YES</string><key>CLANG_WARN_ENUM_CONVERSION</key><string>YES</string><key>CLANG_WARN_INT_CONVERSION</key><string>YES</string><key>CLANG_WARN_OBJC_ROOT_CLASS</key><string>YES</string><key>CLANG_ENABLE_MODULES</key><string>YES</string><key>GCC_C_LANGUAGE_STANDARD</key><string>gnu99</string><key>GCC_WARN_64_TO_32_BIT_CONVERSION</key><string>YES</string><key>GCC_WARN_ABOUT_RETURN_TYPE</key><string>YES</string><key>GCC_WARN_UNDECLARED_SELECTOR</key><string>YES</string><key>GCC_WARN_UNINITIALIZED_AUTOS</key><string>YES</string><key>GCC_WARN_UNUSED_FUNCTION</key><string>YES</string><key>GCC_WARN_UNUSED_VARIABLE</key><string>YES</string><key>COPY_PHASE_STRIP</key><string>NO</string><key>ENABLE_NS_ASSERTIONS</key><string>NO</string><key>VALIDATE_PRODUCT</key><string>YES</string></dict></dict><key>431F9E78CD5B5631AD0E63C0</key><dict><key>isa</key><string>PBXGroup</string><key>sourceTree</key><string>&lt;group&gt;</string><key>name</key><string>Frameworks</string><key>children</key><array><string>3BF373C0A0ACB7048E75C85F</string></array></dict><key>9556221DB6B5BD29440486A9</key><dict><key>isa</key><string>PBXGroup</string><key>sourceTree</key><string>&lt;group&gt;</string><key>path</key><string>/Users/tyler/RubymineProjects/Hello World/resources</string><key>name</key><string>Resources</string><key>children</key><array><string>DCB0E78D60A872D6750A8172</string><string>F790665E72E974CC24C4F1DA</string><string>9FF5811204C7222AEE4BD371</string><string>362902D6B9B1BDFCBC5613A0</string><string>EF6E37B22271E0AB71BA25F9</string><string>3FC11EF27880286488264B7E</string><string>6EC9EEE58723DD8151947047</string><string>FAEDE3A25F037F242BB86FB2</string><string>5AEEADB494980DCD619F275D</string><string>37434AB7FFB49E305F4466CE</string><string>2322ED302DE176EEFCE9E9B7</string><string>3E2665FF266C396FBB97E73E</string><string>9D3F4A88FDBC8C5422F7742E</string><string>D09BAE76348297223E318BBC</string><string>704C136054B7D66A16C4A00A</string><string>1F42043E445BA9A806346C3C</string><string>3863491D747CE68F88727286</string><string>390D40EE430C30F8EE85CE85</string><string>5867026EE6999FCD7A95D0C9</string><string>73E8824DDA6E7B0F5213D875</string><string>BF8D02947660304930B2643C</string><string>C0A8DDFDDB15022D4ACFEB9F</string><string>286272337598E3A2EB27DE9D</string><string>70D95979BE432EF1D9F1E825</string><string>33C567290708068B656AEA0C</string><string>479863C662C40F837D7C385A</string></array></dict><key>CB84980A3641B8166E194B42</key><dict><key>isa</key><string>PBXGroup</string><key>sourceTree</key><string>&lt;group&gt;</string><key>path</key><string>/Users/tyler/RubymineProjects/Hello World/ib.xcodeproj</string><key>name</key><string>Supporting Files</string><key>children</key><array><string>CBCC48E758854E650B2EA58F</string><string>4F0CA2738960E25DB3F591E8</string></array></dict><key>A0E90A281736BED6DE1992FD</key><dict><key>isa</key><string>PBXGroup</string><key>sourceTree</key><string>&lt;group&gt;</string><key>path</key><string>/Users/tyler/RubymineProjects/Hello World/vendor/Pods/Headers</string><key>name</key><string>Pods</string><key>children</key><array/></dict><key>CBCC48E758854E650B2EA58F</key><dict><key>isa</key><string>PBXFileReference</string><key>path</key><string>Stubs.h</string><key>sourceTree</key><string>&lt;group&gt;</string><key>lastKnownFileType</key><string>sourcecode.c.h</string><key>includeInIndex</key><string>1</string></dict><key>4F0CA2738960E25DB3F591E8</key><dict><key>isa</key><string>PBXFileReference</string><key>path</key><string>Stubs.m</string><key>sourceTree</key><string>&lt;group&gt;</string><key>lastKnownFileType</key><string>sourcecode.c.objc</string><key>includeInIndex</key><string>1</string></dict><key>CC5A23AE8573242C84A1831F</key><dict><key>isa</key><string>PBXNativeTarget</string><key>productType</key><string>com.apple.product-type.library.static</string><key>name</key><string>ib</string><key>productName</key><string>ib</string><key>productReference</key><string>52510BEB72586C061BE94DE8</string><key>buildConfigurationList</key><string>2A1BCCE2A01DF41631FBEF42</string><key>buildRules</key><array/><key>buildPhases</key><array><string>27A7C9BDE39C94D192E61881</string><string>B4012EFF9F63A4A7A6178E2D</string></array><key>dependencies</key><array/></dict><key>452A8013F0EFF373DCB6E413</key><dict><key>isa</key><string>XCBuildConfiguration</string><key>name</key><string>Release</string><key>buildSettings</key><dict><key>GCC_PRECOMPILE_PREFIX_HEADER</key><string>YES</string><key>PRODUCT_NAME</key><string>$(TARGET_NAME)</string><key>SKIP_INSTALL</key><string>YES</string><key>DSTROOT</key><string>/tmp/xcodeproj.dst</string><key>ALWAYS_SEARCH_USER_PATHS</key><string>NO</string><key>INSTALL_PATH</key><string>$(BUILT_PRODUCTS_DIR)</string><key>OTHER_LDFLAGS</key><string></string><key>COPY_PHASE_STRIP</key><string>YES</string><key>OTHER_CFLAGS</key><array><string>-DNS_BLOCK_ASSERTIONS=1</string><string>$(inherited)</string></array><key>OTHER_CPLUSPLUSFLAGS</key><array><string>-DNS_BLOCK_ASSERTIONS=1</string><string>$(inherited)</string></array><key>IPHONEOS_DEPLOYMENT_TARGET</key><string>4.3</string><key>PUBLIC_HEADERS_FOLDER_PATH</key><string>$(TARGET_NAME)</string><key>SDKROOT</key><string>iphoneos</string><key>VALIDATE_PRODUCT</key><string>YES</string></dict></dict><key>1D59647D27ED8AA6E54B3B42</key><dict><key>isa</key><string>XCBuildConfiguration</string><key>name</key><string>Debug</string><key>buildSettings</key><dict><key>GCC_PRECOMPILE_PREFIX_HEADER</key><string>YES</string><key>PRODUCT_NAME</key><string>$(TARGET_NAME)</string><key>SKIP_INSTALL</key><string>YES</string><key>DSTROOT</key><string>/tmp/xcodeproj.dst</string><key>ALWAYS_SEARCH_USER_PATHS</key><string>NO</string><key>INSTALL_PATH</key><string>$(BUILT_PRODUCTS_DIR)</string><key>OTHER_LDFLAGS</key><string></string><key>COPY_PHASE_STRIP</key><string>NO</string><key>GCC_DYNAMIC_NO_PIC</key><string>NO</string><key>GCC_PREPROCESSOR_DEFINITIONS</key><array><string>DEBUG=1</string><string>$(inherited)</string></array><key>GCC_SYMBOLS_PRIVATE_EXTERN</key><string>NO</string><key>GCC_OPTIMIZATION_LEVEL</key><string>0</string><key>IPHONEOS_DEPLOYMENT_TARGET</key><string>4.3</string><key>PUBLIC_HEADERS_FOLDER_PATH</key><string>$(TARGET_NAME)</string><key>SDKROOT</key><string>iphoneos</string></dict></dict><key>2A1BCCE2A01DF41631FBEF42</key><dict><key>isa</key><string>XCConfigurationList</string><key>defaultConfigurationIsVisible</key><string>0</string><key>defaultConfigurationName</key><string>Release</string><key>buildConfigurations</key><array><string>452A8013F0EFF373DCB6E413</string><string>1D59647D27ED8AA6E54B3B42</string></array></dict><key>52510BEB72586C061BE94DE8</key><dict><key>isa</key><string>PBXFileReference</string><key>path</key><string>libib.a</string><key>sourceTree</key><string>BUILT_PRODUCTS_DIR</string><key>explicitFileType</key><string>archive.ar</string><key>includeInIndex</key><string>0</string></dict><key>27A7C9BDE39C94D192E61881</key><dict><key>isa</key><string>PBXSourcesBuildPhase</string><key>buildActionMask</key><string>2147483647</string><key>runOnlyForDeploymentPostprocessing</key><string>0</string><key>files</key><array><string>58392B3BCE0C5DFA27A08776</string></array></dict><key>B4012EFF9F63A4A7A6178E2D</key><dict><key>isa</key><string>PBXFrameworksBuildPhase</string><key>buildActionMask</key><string>2147483647</string><key>runOnlyForDeploymentPostprocessing</key><string>0</string><key>files</key><array><string>FFDE95CB109792273D49397B</string><string>5C22D8C8BCA964AE59CB13AE</string><string>FF3830B48ED277559A645734</string><string>FF6A6B8A1A1DC8501C501395</string></array></dict><key>3BF373C0A0ACB7048E75C85F</key><dict><key>isa</key><string>PBXGroup</string><key>sourceTree</key><string>&lt;group&gt;</string><key>name</key><string>iOS</string><key>children</key><array><string>9DD5092E35B1CD099EE6C3F4</string><string>A3CA47843933A85272ED6BAF</string><string>C58A3612176B3CC7FACCF7FA</string><string>726CBC0883ABFDDD3F9DE531</string></array></dict><key>9DD5092E35B1CD099EE6C3F4</key><dict><key>isa</key><string>PBXFileReference</string><key>name</key><string>Foundation.framework</string><key>path</key><string>Platforms/iPhoneOS.platform/Developer/SDKs/iPhoneOS7.1.sdk/System/Library/Frameworks/Foundation.framework</string><key>sourceTree</key><string>DEVELOPER_DIR</string><key>lastKnownFileType</key><string>wrapper.framework</string></dict><key>FFDE95CB109792273D49397B</key><dict><key>isa</key><string>PBXBuildFile</string><key>fileRef</key><string>9DD5092E35B1CD099EE6C3F4</string></dict><key>58392B3BCE0C5DFA27A08776</key><dict><key>isa</key><string>PBXBuildFile</string><key>fileRef</key><string>4F0CA2738960E25DB3F591E8</string></dict><key>DCB0E78D60A872D6750A8172</key><dict><key>isa</key><string>PBXFileReference</string><key>path</key><string>1Star.png</string><key>sourceTree</key><string>&lt;group&gt;</string><key>includeInIndex</key><string>1</string></dict><key>F790665E72E974CC24C4F1DA</key><dict><key>isa</key><string>PBXFileReference</string><key>path</key><string>1Star@2x.png</string><key>sourceTree</key><string>&lt;group&gt;</string><key>includeInIndex</key><string>1</string></dict><key>9FF5811204C7222AEE4BD371</key><dict><key>isa</key><string>PBXFileReference</string><key>path</key><string>1StarSmall.png</string><key>sourceTree</key><string>&lt;group&gt;</string><key>includeInIndex</key><string>1</string></dict><key>362902D6B9B1BDFCBC5613A0</key><dict><key>isa</key><string>PBXFileReference</string><key>path</key><string>1StarSmall@2x.png</string><key>sourceTree</key><string>&lt;group&gt;</string><key>includeInIndex</key><string>1</string></dict><key>EF6E37B22271E0AB71BA25F9</key><dict><key>isa</key><string>PBXFileReference</string><key>path</key><string>2Stars.png</string><key>sourceTree</key><string>&lt;group&gt;</string><key>includeInIndex</key><string>1</string></dict><key>3FC11EF27880286488264B7E</key><dict><key>isa</key><string>PBXFileReference</string><key>path</key><string>2Stars@2x.png</string><key>sourceTree</key><string>&lt;group&gt;</string><key>includeInIndex</key><string>1</string></dict><key>6EC9EEE58723DD8151947047</key><dict><key>isa</key><string>PBXFileReference</string><key>path</key><string>2StarsSmall.png</string><key>sourceTree</key><string>&lt;group&gt;</string><key>includeInIndex</key><string>1</string></dict><key>FAEDE3A25F037F242BB86FB2</key><dict><key>isa</key><string>PBXFileReference</string><key>path</key><string>2StarsSmall@2x.png</string><key>sourceTree</key><string>&lt;group&gt;</string><key>includeInIndex</key><string>1</string></dict><key>5AEEADB494980DCD619F275D</key><dict><key>isa</key><string>PBXFileReference</string><key>path</key><string>3Stars.png</string><key>sourceTree</key><string>&lt;group&gt;</string><key>includeInIndex</key><string>1</string></dict><key>37434AB7FFB49E305F4466CE</key><dict><key>isa</key><string>PBXFileReference</string><key>path</key><string>3Stars@2x.png</string><key>sourceTree</key><string>&lt;group&gt;</string><key>includeInIndex</key><string>1</string></dict><key>2322ED302DE176EEFCE9E9B7</key><dict><key>isa</key><string>PBXFileReference</string><key>path</key><string>3StarsSmall.png</string><key>sourceTree</key><string>&lt;group&gt;</string><key>includeInIndex</key><string>1</string></dict><key>3E2665FF266C396FBB97E73E</key><dict><key>isa</key><string>PBXFileReference</string><key>path</key><string>3StarsSmall@2x.png</string><key>sourceTree</key><string>&lt;group&gt;</string><key>includeInIndex</key><string>1</string></dict><key>9D3F4A88FDBC8C5422F7742E</key><dict><key>isa</key><string>PBXFileReference</string><key>path</key><string>4Stars.png</string><key>sourceTree</key><string>&lt;group&gt;</string><key>includeInIndex</key><string>1</string></dict><key>D09BAE76348297223E318BBC</key><dict><key>isa</key><string>PBXFileReference</string><key>path</key><string>4Stars@2x.png</string><key>sourceTree</key><string>&lt;group&gt;</string><key>includeInIndex</key><string>1</string></dict><key>704C136054B7D66A16C4A00A</key><dict><key>isa</key><string>PBXFileReference</string><key>path</key><string>4StarsSmall.png</string><key>sourceTree</key><string>&lt;group&gt;</string><key>includeInIndex</key><string>1</string></dict><key>1F42043E445BA9A806346C3C</key><dict><key>isa</key><string>PBXFileReference</string><key>path</key><string>4StarsSmall@2x.png</string><key>sourceTree</key><string>&lt;group&gt;</string><key>includeInIndex</key><string>1</string></dict><key>3863491D747CE68F88727286</key><dict><key>isa</key><string>PBXFileReference</string><key>path</key><string>5Stars.png</string><key>sourceTree</key><string>&lt;group&gt;</string><key>includeInIndex</key><string>1</string></dict><key>390D40EE430C30F8EE85CE85</key><dict><key>isa</key><string>PBXFileReference</string><key>path</key><string>5Stars@2x.png</string><key>sourceTree</key><string>&lt;group&gt;</string><key>includeInIndex</key><string>1</string></dict><key>5867026EE6999FCD7A95D0C9</key><dict><key>isa</key><string>PBXFileReference</string><key>path</key><string>5StarsSmall.png</string><key>sourceTree</key><string>&lt;group&gt;</string><key>includeInIndex</key><string>1</string></dict><key>73E8824DDA6E7B0F5213D875</key><dict><key>isa</key><string>PBXFileReference</string><key>path</key><string>5StarsSmall@2x.png</string><key>sourceTree</key><string>&lt;group&gt;</string><key>includeInIndex</key><string>1</string></dict><key>BF8D02947660304930B2643C</key><dict><key>isa</key><string>PBXFileReference</string><key>path</key><string>Default-568h@2x.png</string><key>sourceTree</key><string>&lt;group&gt;</string><key>includeInIndex</key><string>1</string></dict><key>C0A8DDFDDB15022D4ACFEB9F</key><dict><key>isa</key><string>PBXFileReference</string><key>path</key><string>Gestures.png</string><key>sourceTree</key><string>&lt;group&gt;</string><key>includeInIndex</key><string>1</string></dict><key>286272337598E3A2EB27DE9D</key><dict><key>isa</key><string>PBXFileReference</string><key>path</key><string>Gestures@2x.png</string><key>sourceTree</key><string>&lt;group&gt;</string><key>includeInIndex</key><string>1</string></dict><key>70D95979BE432EF1D9F1E825</key><dict><key>isa</key><string>PBXFileReference</string><key>path</key><string>Players.png</string><key>sourceTree</key><string>&lt;group&gt;</string><key>includeInIndex</key><string>1</string></dict><key>33C567290708068B656AEA0C</key><dict><key>isa</key><string>PBXFileReference</string><key>path</key><string>Players@2x.png</string><key>sourceTree</key><string>&lt;group&gt;</string><key>includeInIndex</key><string>1</string></dict><key>479863C662C40F837D7C385A</key><dict><key>isa</key><string>PBXFileReference</string><key>path</key><string>Main.storyboard</string><key>sourceTree</key><string>&lt;group&gt;</string><key>includeInIndex</key><string>1</string></dict><key>A3CA47843933A85272ED6BAF</key><dict><key>isa</key><string>PBXFileReference</string><key>name</key><string>QuartzCore.framework</string><key>path</key><string>Platforms/iPhoneOS.platform/Developer/SDKs/iPhoneOS7.1.sdk/System/Library/Frameworks/QuartzCore.framework</string><key>sourceTree</key><string>DEVELOPER_DIR</string><key>lastKnownFileType</key><string>wrapper.framework</string></dict><key>5C22D8C8BCA964AE59CB13AE</key><dict><key>isa</key><string>PBXBuildFile</string><key>fileRef</key><string>A3CA47843933A85272ED6BAF</string></dict><key>C58A3612176B3CC7FACCF7FA</key><dict><key>isa</key><string>PBXFileReference</string><key>name</key><string>CoreGraphics.framework</string><key>path</key><string>Platforms/iPhoneOS.platform/Developer/SDKs/iPhoneOS7.1.sdk/System/Library/Frameworks/CoreGraphics.framework</string><key>sourceTree</key><string>DEVELOPER_DIR</string><key>lastKnownFileType</key><string>wrapper.framework</string></dict><key>FF3830B48ED277559A645734</key><dict><key>isa</key><string>PBXBuildFile</string><key>fileRef</key><string>C58A3612176B3CC7FACCF7FA</string></dict><key>726CBC0883ABFDDD3F9DE531</key><dict><key>isa</key><string>PBXFileReference</string><key>name</key><string>CoreData.framework</string><key>path</key><string>Platforms/iPhoneOS.platform/Developer/SDKs/iPhoneOS7.1.sdk/System/Library/Frameworks/CoreData.framework</string><key>sourceTree</key><string>DEVELOPER_DIR</string><key>lastKnownFileType</key><string>wrapper.framework</string></dict><key>FF6A6B8A1A1DC8501C501395</key><dict><key>isa</key><string>PBXBuildFile</string><key>fileRef</key><string>726CBC0883ABFDDD3F9DE531</string></dict></dict><key>archiveVersion</key><string>1</string><key>objectVersion</key><string>46</string><key>classes</key><dict/><key>rootObject</key><string>835B56ADF940A9E1CB32B3E0</string></dict></plist>
