<?xml version="1.0" encoding="UTF-8"?>
<!DOCTYPE plist PUBLIC "-//Apple//DTD PLIST 1.0//EN" "http://www.apple.com/DTDs/PropertyList-1.0.dtd">
<plist version="1.0"><dict><key>objects</key><dict><key>CBE565558674AB42023F4D66</key><dict><key>isa</key><string>PBXProject</string><key>attributes</key><dict><key>LastUpgradeCheck</key><string>0510</string></dict><key>compatibilityVersion</key><string>Xcode 3.2</string><key>developmentRegion</key><string>English</string><key>hasScannedForEncodings</key><string>0</string><key>knownRegions</key><array><string>en</string></array><key>projectDirPath</key><string></string><key>projectRoot</key><string></string><key>buildConfigurationList</key><string>167AA43956544CE72F413691</string><key>mainGroup</key><string>80D660DD748F4777C5C5CF20</string><key>productRefGroup</key><string>DD367943907DEC4AA7804A7A</string><key>targets</key><array><string>2C848241A20B6E71691C300E</string></array><key>projectReferences</key><array/></dict><key>80D660DD748F4777C5C5CF20</key><dict><key>isa</key><string>PBXGroup</string><key>sourceTree</key><string>&lt;group&gt;</string><key>children</key><array><string>DD367943907DEC4AA7804A7A</string><string>BAFE95303684FC7E3A7F7484</string><string>FD2113779CB59B15A76B6D8A</string><string>72B93D43912F98D8845B14A6</string><string>CBB1C6210FCB6463AF8C847A</string></array></dict><key>DD367943907DEC4AA7804A7A</key><dict><key>isa</key><string>PBXGroup</string><key>sourceTree</key><string>&lt;group&gt;</string><key>name</key><string>Products</string><key>children</key><array><string>D34D0366919658572656E5E5</string></array></dict><key>167AA43956544CE72F413691</key><dict><key>isa</key><string>XCConfigurationList</string><key>defaultConfigurationIsVisible</key><string>0</string><key>defaultConfigurationName</key><string>Release</string><key>buildConfigurations</key><array><string>15C5B03C9DD5BFDD0CCD68AC</string><string>F0703AF6AF609F491B6C01AB</string></array></dict><key>15C5B03C9DD5BFDD0CCD68AC</key><dict><key>isa</key><string>XCBuildConfiguration</string><key>name</key><string>Debug</string><key>buildSettings</key><dict><key>ALWAYS_SEARCH_USER_PATHS</key><string>NO</string><key>CLANG_CXX_LANGUAGE_STANDARD</key><string>gnu++0x</string><key>CLANG_CXX_LIBRARY</key><string>libc++</string><key>CLANG_ENABLE_OBJC_ARC</key><string>YES</string><key>CLANG_WARN_BOOL_CONVERSION</key><string>YES</string><key>CLANG_WARN_CONSTANT_CONVERSION</key><string>YES</string><key>CLANG_WARN_DIRECT_OBJC_ISA_USAGE</key><string>YES</string><key>CLANG_WARN_EMPTY_BODY</key><string>YES</string><key>CLANG_WARN_ENUM_CONVERSION</key><string>YES</string><key>CLANG_WARN_INT_CONVERSION</key><string>YES</string><key>CLANG_WARN_OBJC_ROOT_CLASS</key><string>YES</string><key>CLANG_ENABLE_MODULES</key><string>YES</string><key>GCC_C_LANGUAGE_STANDARD</key><string>gnu99</string><key>GCC_WARN_64_TO_32_BIT_CONVERSION</key><string>YES</string><key>GCC_WARN_ABOUT_RETURN_TYPE</key><string>YES</string><key>GCC_WARN_UNDECLARED_SELECTOR</key><string>YES</string><key>GCC_WARN_UNINITIALIZED_AUTOS</key><string>YES</string><key>GCC_WARN_UNUSED_FUNCTION</key><string>YES</string><key>GCC_WARN_UNUSED_VARIABLE</key><string>YES</string><key>ONLY_ACTIVE_ARCH</key><string>YES</string><key>COPY_PHASE_STRIP</key><string>YES</string><key>GCC_DYNAMIC_NO_PIC</key><string>NO</string><key>GCC_OPTIMIZATION_LEVEL</key><string>0</string><key>GCC_PREPROCESSOR_DEFINITIONS</key><array><string>DEBUG=1</string><string>$(inherited)</string></array><key>GCC_SYMBOLS_PRIVATE_EXTERN</key><string>NO</string></dict></dict><key>F0703AF6AF609F491B6C01AB</key><dict><key>isa</key><string>XCBuildConfiguration</string><key>name</key><string>Release</string><key>buildSettings</key><dict><key>ALWAYS_SEARCH_USER_PATHS</key><string>NO</string><key>CLANG_CXX_LANGUAGE_STANDARD</key><string>gnu++0x</string><key>CLANG_CXX_LIBRARY</key><string>libc++</string><key>CLANG_ENABLE_OBJC_ARC</key><string>YES</string><key>CLANG_WARN_BOOL_CONVERSION</key><string>YES</string><key>CLANG_WARN_CONSTANT_CONVERSION</key><string>YES</string><key>CLANG_WARN_DIRECT_OBJC_ISA_USAGE</key><string>YES</string><key>CLANG_WARN_EMPTY_BODY</key><string>YES</string><key>CLANG_WARN_ENUM_CONVERSION</key><string>YES</string><key>CLANG_WARN_INT_CONVERSION</key><string>YES</string><key>CLANG_WARN_OBJC_ROOT_CLASS</key><string>YES</string><key>CLANG_ENABLE_MODULES</key><string>YES</string><key>GCC_C_LANGUAGE_STANDARD</key><string>gnu99</string><key>GCC_WARN_64_TO_32_BIT_CONVERSION</key><string>YES</string><key>GCC_WARN_ABOUT_RETURN_TYPE</key><string>YES</string><key>GCC_WARN_UNDECLARED_SELECTOR</key><string>YES</string><key>GCC_WARN_UNINITIALIZED_AUTOS</key><string>YES</string><key>GCC_WARN_UNUSED_FUNCTION</key><string>YES</string><key>GCC_WARN_UNUSED_VARIABLE</key><string>YES</string><key>COPY_PHASE_STRIP</key><string>NO</string><key>ENABLE_NS_ASSERTIONS</key><string>NO</string><key>VALIDATE_PRODUCT</key><string>YES</string></dict></dict><key>BAFE95303684FC7E3A7F7484</key><dict><key>isa</key><string>PBXGroup</string><key>sourceTree</key><string>&lt;group&gt;</string><key>name</key><string>Frameworks</string><key>children</key><array><string>9596CEA58DAF86FCD54AF603</string></array></dict><key>FD2113779CB59B15A76B6D8A</key><dict><key>isa</key><string>PBXGroup</string><key>sourceTree</key><string>&lt;group&gt;</string><key>path</key><string>/Users/tyler/RubymineProjects/Hello World/resources</string><key>name</key><string>Resources</string><key>children</key><array><string>8EDF982D2738AB8E0E1EC3B2</string><string>8514CABCEF55C5E1D3D146DC</string><string>8E2B44FA2497C282CC45B85D</string><string>D8F657BD02864E3513DCCCA5</string><string>755D30F4059D8090D778BC95</string><string>0CBDC1EB8321F264F661E233</string><string>0ACCFDA5B5165059BF2507BD</string><string>8DDA019F6BC78C0385D20FF7</string><string>43A40F43AD33BC913C132363</string><string>25ABD014FED542C7F99CDB5D</string><string>86E5197632323BDC42300686</string><string>ACC87B096B565398BC3B8353</string><string>B661B6D5D8FAC9BDF1E23D42</string><string>CAAA078CA596FA4CE196E056</string><string>28E966D735EB81903C628E33</string><string>52116A37F75B9F10B6439E34</string><string>54D44E768BA80895E9E6E38A</string><string>9604116C97D493B472E6E925</string><string>673187DA4F53AACC7A8DFDE5</string><string>F663C9D1C9ECA50A8B7A3C75</string><string>B7769202A89221E27F72DD23</string><string>51940FDFC293B8B6E70189FE</string><string>27AA7D642A26F0036E52EA88</string><string>07E62879770C524A4700386C</string><string>31C61EC11D0EA59DF646E848</string><string>FCF4D83B6AB41CBEA1CDB1CC</string></array></dict><key>72B93D43912F98D8845B14A6</key><dict><key>isa</key><string>PBXGroup</string><key>sourceTree</key><string>&lt;group&gt;</string><key>path</key><string>/Users/tyler/RubymineProjects/Hello World/ib.xcodeproj</string><key>name</key><string>Supporting Files</string><key>children</key><array><string>EA2505DD60B50EB48ABC09F3</string><string>F5CDD198730C054D0796586F</string></array></dict><key>CBB1C6210FCB6463AF8C847A</key><dict><key>isa</key><string>PBXGroup</string><key>sourceTree</key><string>&lt;group&gt;</string><key>path</key><string>/Users/tyler/RubymineProjects/Hello World/vendor/Pods/Headers</string><key>name</key><string>Pods</string><key>children</key><array/></dict><key>EA2505DD60B50EB48ABC09F3</key><dict><key>isa</key><string>PBXFileReference</string><key>path</key><string>Stubs.h</string><key>sourceTree</key><string>&lt;group&gt;</string><key>lastKnownFileType</key><string>sourcecode.c.h</string><key>includeInIndex</key><string>1</string></dict><key>F5CDD198730C054D0796586F</key><dict><key>isa</key><string>PBXFileReference</string><key>path</key><string>Stubs.m</string><key>sourceTree</key><string>&lt;group&gt;</string><key>lastKnownFileType</key><string>sourcecode.c.objc</string><key>includeInIndex</key><string>1</string></dict><key>2C848241A20B6E71691C300E</key><dict><key>isa</key><string>PBXNativeTarget</string><key>productType</key><string>com.apple.product-type.library.static</string><key>name</key><string>ib</string><key>productName</key><string>ib</string><key>productReference</key><string>D34D0366919658572656E5E5</string><key>buildConfigurationList</key><string>BAFCF6A5B4A5E0544DA2F2DD</string><key>buildRules</key><array/><key>buildPhases</key><array><string>B9295E3B8D1962DFD27592B1</string><string>7DA15C3B31BD3372F2452F4B</string></array><key>dependencies</key><array/></dict><key>2F0B07658E5BCE68DF4E50A1</key><dict><key>isa</key><string>XCBuildConfiguration</string><key>name</key><string>Release</string><key>buildSettings</key><dict><key>GCC_PRECOMPILE_PREFIX_HEADER</key><string>YES</string><key>PRODUCT_NAME</key><string>$(TARGET_NAME)</string><key>SKIP_INSTALL</key><string>YES</string><key>DSTROOT</key><string>/tmp/xcodeproj.dst</string><key>ALWAYS_SEARCH_USER_PATHS</key><string>NO</string><key>INSTALL_PATH</key><string>$(BUILT_PRODUCTS_DIR)</string><key>OTHER_LDFLAGS</key><string></string><key>COPY_PHASE_STRIP</key><string>YES</string><key>OTHER_CFLAGS</key><array><string>-DNS_BLOCK_ASSERTIONS=1</string><string>$(inherited)</string></array><key>OTHER_CPLUSPLUSFLAGS</key><array><string>-DNS_BLOCK_ASSERTIONS=1</string><string>$(inherited)</string></array><key>IPHONEOS_DEPLOYMENT_TARGET</key><string>4.3</string><key>PUBLIC_HEADERS_FOLDER_PATH</key><string>$(TARGET_NAME)</string><key>SDKROOT</key><string>iphoneos</string><key>VALIDATE_PRODUCT</key><string>YES</string></dict></dict><key>A1840257E9D5EF65B1AE4CC0</key><dict><key>isa</key><string>XCBuildConfiguration</string><key>name</key><string>Debug</string><key>buildSettings</key><dict><key>GCC_PRECOMPILE_PREFIX_HEADER</key><string>YES</string><key>PRODUCT_NAME</key><string>$(TARGET_NAME)</string><key>SKIP_INSTALL</key><string>YES</string><key>DSTROOT</key><string>/tmp/xcodeproj.dst</string><key>ALWAYS_SEARCH_USER_PATHS</key><string>NO</string><key>INSTALL_PATH</key><string>$(BUILT_PRODUCTS_DIR)</string><key>OTHER_LDFLAGS</key><string></string><key>COPY_PHASE_STRIP</key><string>NO</string><key>GCC_DYNAMIC_NO_PIC</key><string>NO</string><key>GCC_PREPROCESSOR_DEFINITIONS</key><array><string>DEBUG=1</string><string>$(inherited)</string></array><key>GCC_SYMBOLS_PRIVATE_EXTERN</key><string>NO</string><key>GCC_OPTIMIZATION_LEVEL</key><string>0</string><key>IPHONEOS_DEPLOYMENT_TARGET</key><string>4.3</string><key>PUBLIC_HEADERS_FOLDER_PATH</key><string>$(TARGET_NAME)</string><key>SDKROOT</key><string>iphoneos</string></dict></dict><key>BAFCF6A5B4A5E0544DA2F2DD</key><dict><key>isa</key><string>XCConfigurationList</string><key>defaultConfigurationIsVisible</key><string>0</string><key>defaultConfigurationName</key><string>Release</string><key>buildConfigurations</key><array><string>2F0B07658E5BCE68DF4E50A1</string><string>A1840257E9D5EF65B1AE4CC0</string></array></dict><key>D34D0366919658572656E5E5</key><dict><key>isa</key><string>PBXFileReference</string><key>path</key><string>libib.a</string><key>sourceTree</key><string>BUILT_PRODUCTS_DIR</string><key>explicitFileType</key><string>archive.ar</string><key>includeInIndex</key><string>0</string></dict><key>B9295E3B8D1962DFD27592B1</key><dict><key>isa</key><string>PBXSourcesBuildPhase</string><key>buildActionMask</key><string>2147483647</string><key>runOnlyForDeploymentPostprocessing</key><string>0</string><key>files</key><array><string>2DA1F4E8DF6BAF4EAB15D15D</string></array></dict><key>7DA15C3B31BD3372F2452F4B</key><dict><key>isa</key><string>PBXFrameworksBuildPhase</string><key>buildActionMask</key><string>2147483647</string><key>runOnlyForDeploymentPostprocessing</key><string>0</string><key>files</key><array><string>0BC26CAFCBA94573843EE5C9</string><string>9A1DC25F854B99C958798248</string><string>50E792CBD35F411FCFC14044</string><string>3504BEC48B510DA6D5ABD8B9</string></array></dict><key>9596CEA58DAF86FCD54AF603</key><dict><key>isa</key><string>PBXGroup</string><key>sourceTree</key><string>&lt;group&gt;</string><key>name</key><string>iOS</string><key>children</key><array><string>633AD1E32D7408A5A2B6A068</string><string>77725BD529C9A232BDF230C1</string><string>FB50D1D319276DBA51453009</string><string>948717D02A9F1415BFBB99BB</string></array></dict><key>633AD1E32D7408A5A2B6A068</key><dict><key>isa</key><string>PBXFileReference</string><key>name</key><string>Foundation.framework</string><key>path</key><string>Platforms/iPhoneOS.platform/Developer/SDKs/iPhoneOS7.1.sdk/System/Library/Frameworks/Foundation.framework</string><key>sourceTree</key><string>DEVELOPER_DIR</string><key>lastKnownFileType</key><string>wrapper.framework</string></dict><key>0BC26CAFCBA94573843EE5C9</key><dict><key>isa</key><string>PBXBuildFile</string><key>fileRef</key><string>633AD1E32D7408A5A2B6A068</string></dict><key>2DA1F4E8DF6BAF4EAB15D15D</key><dict><key>isa</key><string>PBXBuildFile</string><key>fileRef</key><string>F5CDD198730C054D0796586F</string></dict><key>8EDF982D2738AB8E0E1EC3B2</key><dict><key>isa</key><string>PBXFileReference</string><key>path</key><string>1Star.png</string><key>sourceTree</key><string>&lt;group&gt;</string><key>includeInIndex</key><string>1</string></dict><key>8514CABCEF55C5E1D3D146DC</key><dict><key>isa</key><string>PBXFileReference</string><key>path</key><string>1Star@2x.png</string><key>sourceTree</key><string>&lt;group&gt;</string><key>includeInIndex</key><string>1</string></dict><key>8E2B44FA2497C282CC45B85D</key><dict><key>isa</key><string>PBXFileReference</string><key>path</key><string>1StarSmall.png</string><key>sourceTree</key><string>&lt;group&gt;</string><key>includeInIndex</key><string>1</string></dict><key>D8F657BD02864E3513DCCCA5</key><dict><key>isa</key><string>PBXFileReference</string><key>path</key><string>1StarSmall@2x.png</string><key>sourceTree</key><string>&lt;group&gt;</string><key>includeInIndex</key><string>1</string></dict><key>755D30F4059D8090D778BC95</key><dict><key>isa</key><string>PBXFileReference</string><key>path</key><string>2Stars.png</string><key>sourceTree</key><string>&lt;group&gt;</string><key>includeInIndex</key><string>1</string></dict><key>0CBDC1EB8321F264F661E233</key><dict><key>isa</key><string>PBXFileReference</string><key>path</key><string>2Stars@2x.png</string><key>sourceTree</key><string>&lt;group&gt;</string><key>includeInIndex</key><string>1</string></dict><key>0ACCFDA5B5165059BF2507BD</key><dict><key>isa</key><string>PBXFileReference</string><key>path</key><string>2StarsSmall.png</string><key>sourceTree</key><string>&lt;group&gt;</string><key>includeInIndex</key><string>1</string></dict><key>8DDA019F6BC78C0385D20FF7</key><dict><key>isa</key><string>PBXFileReference</string><key>path</key><string>2StarsSmall@2x.png</string><key>sourceTree</key><string>&lt;group&gt;</string><key>includeInIndex</key><string>1</string></dict><key>43A40F43AD33BC913C132363</key><dict><key>isa</key><string>PBXFileReference</string><key>path</key><string>3Stars.png</string><key>sourceTree</key><string>&lt;group&gt;</string><key>includeInIndex</key><string>1</string></dict><key>25ABD014FED542C7F99CDB5D</key><dict><key>isa</key><string>PBXFileReference</string><key>path</key><string>3Stars@2x.png</string><key>sourceTree</key><string>&lt;group&gt;</string><key>includeInIndex</key><string>1</string></dict><key>86E5197632323BDC42300686</key><dict><key>isa</key><string>PBXFileReference</string><key>path</key><string>3StarsSmall.png</string><key>sourceTree</key><string>&lt;group&gt;</string><key>includeInIndex</key><string>1</string></dict><key>ACC87B096B565398BC3B8353</key><dict><key>isa</key><string>PBXFileReference</string><key>path</key><string>3StarsSmall@2x.png</string><key>sourceTree</key><string>&lt;group&gt;</string><key>includeInIndex</key><string>1</string></dict><key>B661B6D5D8FAC9BDF1E23D42</key><dict><key>isa</key><string>PBXFileReference</string><key>path</key><string>4Stars.png</string><key>sourceTree</key><string>&lt;group&gt;</string><key>includeInIndex</key><string>1</string></dict><key>CAAA078CA596FA4CE196E056</key><dict><key>isa</key><string>PBXFileReference</string><key>path</key><string>4Stars@2x.png</string><key>sourceTree</key><string>&lt;group&gt;</string><key>includeInIndex</key><string>1</string></dict><key>28E966D735EB81903C628E33</key><dict><key>isa</key><string>PBXFileReference</string><key>path</key><string>4StarsSmall.png</string><key>sourceTree</key><string>&lt;group&gt;</string><key>includeInIndex</key><string>1</string></dict><key>52116A37F75B9F10B6439E34</key><dict><key>isa</key><string>PBXFileReference</string><key>path</key><string>4StarsSmall@2x.png</string><key>sourceTree</key><string>&lt;group&gt;</string><key>includeInIndex</key><string>1</string></dict><key>54D44E768BA80895E9E6E38A</key><dict><key>isa</key><string>PBXFileReference</string><key>path</key><string>5Stars.png</string><key>sourceTree</key><string>&lt;group&gt;</string><key>includeInIndex</key><string>1</string></dict><key>9604116C97D493B472E6E925</key><dict><key>isa</key><string>PBXFileReference</string><key>path</key><string>5Stars@2x.png</string><key>sourceTree</key><string>&lt;group&gt;</string><key>includeInIndex</key><string>1</string></dict><key>673187DA4F53AACC7A8DFDE5</key><dict><key>isa</key><string>PBXFileReference</string><key>path</key><string>5StarsSmall.png</string><key>sourceTree</key><string>&lt;group&gt;</string><key>includeInIndex</key><string>1</string></dict><key>F663C9D1C9ECA50A8B7A3C75</key><dict><key>isa</key><string>PBXFileReference</string><key>path</key><string>5StarsSmall@2x.png</string><key>sourceTree</key><string>&lt;group&gt;</string><key>includeInIndex</key><string>1</string></dict><key>B7769202A89221E27F72DD23</key><dict><key>isa</key><string>PBXFileReference</string><key>path</key><string>Default-568h@2x.png</string><key>sourceTree</key><string>&lt;group&gt;</string><key>includeInIndex</key><string>1</string></dict><key>51940FDFC293B8B6E70189FE</key><dict><key>isa</key><string>PBXFileReference</string><key>path</key><string>Gestures.png</string><key>sourceTree</key><string>&lt;group&gt;</string><key>includeInIndex</key><string>1</string></dict><key>27AA7D642A26F0036E52EA88</key><dict><key>isa</key><string>PBXFileReference</string><key>path</key><string>Gestures@2x.png</string><key>sourceTree</key><string>&lt;group&gt;</string><key>includeInIndex</key><string>1</string></dict><key>07E62879770C524A4700386C</key><dict><key>isa</key><string>PBXFileReference</string><key>path</key><string>Players.png</string><key>sourceTree</key><string>&lt;group&gt;</string><key>includeInIndex</key><string>1</string></dict><key>31C61EC11D0EA59DF646E848</key><dict><key>isa</key><string>PBXFileReference</string><key>path</key><string>Players@2x.png</string><key>sourceTree</key><string>&lt;group&gt;</string><key>includeInIndex</key><string>1</string></dict><key>FCF4D83B6AB41CBEA1CDB1CC</key><dict><key>isa</key><string>PBXFileReference</string><key>path</key><string>Main.storyboard</string><key>sourceTree</key><string>&lt;group&gt;</string><key>includeInIndex</key><string>1</string></dict><key>77725BD529C9A232BDF230C1</key><dict><key>isa</key><string>PBXFileReference</string><key>name</key><string>QuartzCore.framework</string><key>path</key><string>Platforms/iPhoneOS.platform/Developer/SDKs/iPhoneOS7.1.sdk/System/Library/Frameworks/QuartzCore.framework</string><key>sourceTree</key><string>DEVELOPER_DIR</string><key>lastKnownFileType</key><string>wrapper.framework</string></dict><key>9A1DC25F854B99C958798248</key><dict><key>isa</key><string>PBXBuildFile</string><key>fileRef</key><string>77725BD529C9A232BDF230C1</string></dict><key>FB50D1D319276DBA51453009</key><dict><key>isa</key><string>PBXFileReference</string><key>name</key><string>CoreGraphics.framework</string><key>path</key><string>Platforms/iPhoneOS.platform/Developer/SDKs/iPhoneOS7.1.sdk/System/Library/Frameworks/CoreGraphics.framework</string><key>sourceTree</key><string>DEVELOPER_DIR</string><key>lastKnownFileType</key><string>wrapper.framework</string></dict><key>50E792CBD35F411FCFC14044</key><dict><key>isa</key><string>PBXBuildFile</string><key>fileRef</key><string>FB50D1D319276DBA51453009</string></dict><key>948717D02A9F1415BFBB99BB</key><dict><key>isa</key><string>PBXFileReference</string><key>name</key><string>CoreData.framework</string><key>path</key><string>Platforms/iPhoneOS.platform/Developer/SDKs/iPhoneOS7.1.sdk/System/Library/Frameworks/CoreData.framework</string><key>sourceTree</key><string>DEVELOPER_DIR</string><key>lastKnownFileType</key><string>wrapper.framework</string></dict><key>3504BEC48B510DA6D5ABD8B9</key><dict><key>isa</key><string>PBXBuildFile</string><key>fileRef</key><string>948717D02A9F1415BFBB99BB</string></dict></dict><key>archiveVersion</key><string>1</string><key>objectVersion</key><string>46</string><key>classes</key><dict/><key>rootObject</key><string>CBE565558674AB42023F4D66</string></dict></plist>
